// !$*UTF8*$!
{
	archiveVersion = 1;
	classes = {
	};
	objectVersion = 46;
	objects = {

/* Begin PBXBuildFile section */
		2D27BB101DC0787800FCB6D9 /* AppDelegate.swift in Sources */ = {isa = PBXBuildFile; fileRef = 2D27BB0F1DC0787800FCB6D9 /* AppDelegate.swift */; };
		2D27BB151DC0787800FCB6D9 /* Main.storyboard in Resources */ = {isa = PBXBuildFile; fileRef = 2D27BB131DC0787800FCB6D9 /* Main.storyboard */; };
		2D27BB171DC0787800FCB6D9 /* Assets.xcassets in Resources */ = {isa = PBXBuildFile; fileRef = 2D27BB161DC0787800FCB6D9 /* Assets.xcassets */; };
		2D27BB1A1DC0787800FCB6D9 /* LaunchScreen.storyboard in Resources */ = {isa = PBXBuildFile; fileRef = 2D27BB181DC0787800FCB6D9 /* LaunchScreen.storyboard */; };
		2D27BB251DC0787800FCB6D9 /* SwipeViewTests.swift in Sources */ = {isa = PBXBuildFile; fileRef = 2D27BB241DC0787800FCB6D9 /* SwipeViewTests.swift */; };
		2D27BB301DC0787800FCB6D9 /* SwipeViewUITests.swift in Sources */ = {isa = PBXBuildFile; fileRef = 2D27BB2F1DC0787800FCB6D9 /* SwipeViewUITests.swift */; };
		2D27BB3E1DC078F100FCB6D9 /* SwipeController.swift in Sources */ = {isa = PBXBuildFile; fileRef = 2D27BB3D1DC078F100FCB6D9 /* SwipeController.swift */; };
		2D2F42ED1DC1B47500E51C05 /* SwipeViewA.swift in Sources */ = {isa = PBXBuildFile; fileRef = 2D2F42EB1DC1B47500E51C05 /* SwipeViewA.swift */; };
		2D2F42EE1DC1B47500E51C05 /* SwipeViewA.xib in Resources */ = {isa = PBXBuildFile; fileRef = 2D2F42EC1DC1B47500E51C05 /* SwipeViewA.xib */; };
		2D2F42F11DC1C1A500E51C05 /* SwipeViewB.swift in Sources */ = {isa = PBXBuildFile; fileRef = 2D2F42EF1DC1C1A500E51C05 /* SwipeViewB.swift */; };
		2D2F42F21DC1C1A500E51C05 /* SwipeViewB.xib in Resources */ = {isa = PBXBuildFile; fileRef = 2D2F42F01DC1C1A500E51C05 /* SwipeViewB.xib */; };
		2D2F42F51DC1C1CA00E51C05 /* SwipeViewC.swift in Sources */ = {isa = PBXBuildFile; fileRef = 2D2F42F31DC1C1CA00E51C05 /* SwipeViewC.swift */; };
		2D2F42F61DC1C1CA00E51C05 /* SwipeViewC.xib in Resources */ = {isa = PBXBuildFile; fileRef = 2D2F42F41DC1C1CA00E51C05 /* SwipeViewC.xib */; };
/* End PBXBuildFile section */

/* Begin PBXContainerItemProxy section */
		2D27BB211DC0787800FCB6D9 /* PBXContainerItemProxy */ = {
			isa = PBXContainerItemProxy;
			containerPortal = 2D27BB041DC0787700FCB6D9 /* Project object */;
			proxyType = 1;
			remoteGlobalIDString = 2D27BB0B1DC0787700FCB6D9;
			remoteInfo = SwipeView;
		};
		2D27BB2C1DC0787800FCB6D9 /* PBXContainerItemProxy */ = {
			isa = PBXContainerItemProxy;
			containerPortal = 2D27BB041DC0787700FCB6D9 /* Project object */;
			proxyType = 1;
			remoteGlobalIDString = 2D27BB0B1DC0787700FCB6D9;
			remoteInfo = SwipeView;
		};
/* End PBXContainerItemProxy section */

/* Begin PBXFileReference section */
		2D27BB0C1DC0787800FCB6D9 /* SwipeView.app */ = {isa = PBXFileReference; explicitFileType = wrapper.application; includeInIndex = 0; path = SwipeView.app; sourceTree = BUILT_PRODUCTS_DIR; };
		2D27BB0F1DC0787800FCB6D9 /* AppDelegate.swift */ = {isa = PBXFileReference; lastKnownFileType = sourcecode.swift; path = AppDelegate.swift; sourceTree = "<group>"; };
		2D27BB141DC0787800FCB6D9 /* Base */ = {isa = PBXFileReference; lastKnownFileType = file.storyboard; name = Base; path = Base.lproj/Main.storyboard; sourceTree = "<group>"; };
		2D27BB161DC0787800FCB6D9 /* Assets.xcassets */ = {isa = PBXFileReference; lastKnownFileType = folder.assetcatalog; path = Assets.xcassets; sourceTree = "<group>"; };
		2D27BB191DC0787800FCB6D9 /* Base */ = {isa = PBXFileReference; lastKnownFileType = file.storyboard; name = Base; path = Base.lproj/LaunchScreen.storyboard; sourceTree = "<group>"; };
		2D27BB1B1DC0787800FCB6D9 /* Info.plist */ = {isa = PBXFileReference; lastKnownFileType = text.plist.xml; path = Info.plist; sourceTree = "<group>"; };
		2D27BB201DC0787800FCB6D9 /* SwipeViewTests.xctest */ = {isa = PBXFileReference; explicitFileType = wrapper.cfbundle; includeInIndex = 0; path = SwipeViewTests.xctest; sourceTree = BUILT_PRODUCTS_DIR; };
		2D27BB241DC0787800FCB6D9 /* SwipeViewTests.swift */ = {isa = PBXFileReference; lastKnownFileType = sourcecode.swift; path = SwipeViewTests.swift; sourceTree = "<group>"; };
		2D27BB261DC0787800FCB6D9 /* Info.plist */ = {isa = PBXFileReference; lastKnownFileType = text.plist.xml; path = Info.plist; sourceTree = "<group>"; };
		2D27BB2B1DC0787800FCB6D9 /* SwipeViewUITests.xctest */ = {isa = PBXFileReference; explicitFileType = wrapper.cfbundle; includeInIndex = 0; path = SwipeViewUITests.xctest; sourceTree = BUILT_PRODUCTS_DIR; };
		2D27BB2F1DC0787800FCB6D9 /* SwipeViewUITests.swift */ = {isa = PBXFileReference; lastKnownFileType = sourcecode.swift; path = SwipeViewUITests.swift; sourceTree = "<group>"; };
		2D27BB311DC0787800FCB6D9 /* Info.plist */ = {isa = PBXFileReference; lastKnownFileType = text.plist.xml; path = Info.plist; sourceTree = "<group>"; };
		2D27BB3D1DC078F100FCB6D9 /* SwipeController.swift */ = {isa = PBXFileReference; fileEncoding = 4; lastKnownFileType = sourcecode.swift; path = SwipeController.swift; sourceTree = "<group>"; };
		2D2F42EB1DC1B47500E51C05 /* SwipeViewA.swift */ = {isa = PBXFileReference; fileEncoding = 4; lastKnownFileType = sourcecode.swift; path = SwipeViewA.swift; sourceTree = "<group>"; };
		2D2F42EC1DC1B47500E51C05 /* SwipeViewA.xib */ = {isa = PBXFileReference; fileEncoding = 4; lastKnownFileType = file.xib; path = SwipeViewA.xib; sourceTree = "<group>"; };
		2D2F42EF1DC1C1A500E51C05 /* SwipeViewB.swift */ = {isa = PBXFileReference; fileEncoding = 4; lastKnownFileType = sourcecode.swift; path = SwipeViewB.swift; sourceTree = "<group>"; };
		2D2F42F01DC1C1A500E51C05 /* SwipeViewB.xib */ = {isa = PBXFileReference; fileEncoding = 4; lastKnownFileType = file.xib; path = SwipeViewB.xib; sourceTree = "<group>"; };
		2D2F42F31DC1C1CA00E51C05 /* SwipeViewC.swift */ = {isa = PBXFileReference; fileEncoding = 4; lastKnownFileType = sourcecode.swift; path = SwipeViewC.swift; sourceTree = "<group>"; };
		2D2F42F41DC1C1CA00E51C05 /* SwipeViewC.xib */ = {isa = PBXFileReference; fileEncoding = 4; lastKnownFileType = file.xib; path = SwipeViewC.xib; sourceTree = "<group>"; };
/* End PBXFileReference section */

/* Begin PBXFrameworksBuildPhase section */
		2D27BB091DC0787700FCB6D9 /* Frameworks */ = {
			isa = PBXFrameworksBuildPhase;
			buildActionMask = 2147483647;
			files = (
			);
			runOnlyForDeploymentPostprocessing = 0;
		};
		2D27BB1D1DC0787800FCB6D9 /* Frameworks */ = {
			isa = PBXFrameworksBuildPhase;
			buildActionMask = 2147483647;
			files = (
			);
			runOnlyForDeploymentPostprocessing = 0;
		};
		2D27BB281DC0787800FCB6D9 /* Frameworks */ = {
			isa = PBXFrameworksBuildPhase;
			buildActionMask = 2147483647;
			files = (
			);
			runOnlyForDeploymentPostprocessing = 0;
		};
/* End PBXFrameworksBuildPhase section */

/* Begin PBXGroup section */
		2D27BB031DC0787700FCB6D9 = {
			isa = PBXGroup;
			children = (
				2D27BB0E1DC0787800FCB6D9 /* SwipeView */,
				2D27BB231DC0787800FCB6D9 /* SwipeViewTests */,
				2D27BB2E1DC0787800FCB6D9 /* SwipeViewUITests */,
				2D27BB0D1DC0787800FCB6D9 /* Products */,
			);
			sourceTree = "<group>";
		};
		2D27BB0D1DC0787800FCB6D9 /* Products */ = {
			isa = PBXGroup;
			children = (
				2D27BB0C1DC0787800FCB6D9 /* SwipeView.app */,
				2D27BB201DC0787800FCB6D9 /* SwipeViewTests.xctest */,
				2D27BB2B1DC0787800FCB6D9 /* SwipeViewUITests.xctest */,
			);
			name = Products;
			sourceTree = "<group>";
		};
		2D27BB0E1DC0787800FCB6D9 /* SwipeView */ = {
			isa = PBXGroup;
			children = (
				2D27BB0F1DC0787800FCB6D9 /* AppDelegate.swift */,
				2D27BB3D1DC078F100FCB6D9 /* SwipeController.swift */,
				2D27BB131DC0787800FCB6D9 /* Main.storyboard */,
				2D2F42DE1DC1B3E200E51C05 /* Swiping Subviews */,
				2D27BB161DC0787800FCB6D9 /* Assets.xcassets */,
				2D27BB181DC0787800FCB6D9 /* LaunchScreen.storyboard */,
				2D27BB1B1DC0787800FCB6D9 /* Info.plist */,
			);
			path = SwipeView;
			sourceTree = "<group>";
		};
		2D27BB231DC0787800FCB6D9 /* SwipeViewTests */ = {
			isa = PBXGroup;
			children = (
				2D27BB241DC0787800FCB6D9 /* SwipeViewTests.swift */,
				2D27BB261DC0787800FCB6D9 /* Info.plist */,
			);
			path = SwipeViewTests;
			sourceTree = "<group>";
		};
		2D27BB2E1DC0787800FCB6D9 /* SwipeViewUITests */ = {
			isa = PBXGroup;
			children = (
				2D27BB2F1DC0787800FCB6D9 /* SwipeViewUITests.swift */,
				2D27BB311DC0787800FCB6D9 /* Info.plist */,
			);
			path = SwipeViewUITests;
			sourceTree = "<group>";
		};
		2D2F42DE1DC1B3E200E51C05 /* Swiping Subviews */ = {
			isa = PBXGroup;
			children = (
				2D2F42EB1DC1B47500E51C05 /* SwipeViewA.swift */,
				2D2F42EC1DC1B47500E51C05 /* SwipeViewA.xib */,
				2D2F42EF1DC1C1A500E51C05 /* SwipeViewB.swift */,
				2D2F42F01DC1C1A500E51C05 /* SwipeViewB.xib */,
				2D2F42F31DC1C1CA00E51C05 /* SwipeViewC.swift */,
				2D2F42F41DC1C1CA00E51C05 /* SwipeViewC.xib */,
			);
			name = "Swiping Subviews";
			sourceTree = "<group>";
		};
/* End PBXGroup section */

/* Begin PBXNativeTarget section */
		2D27BB0B1DC0787700FCB6D9 /* SwipeView */ = {
			isa = PBXNativeTarget;
			buildConfigurationList = 2D27BB341DC0787800FCB6D9 /* Build configuration list for PBXNativeTarget "SwipeView" */;
			buildPhases = (
				2D27BB081DC0787700FCB6D9 /* Sources */,
				2D27BB091DC0787700FCB6D9 /* Frameworks */,
				2D27BB0A1DC0787700FCB6D9 /* Resources */,
			);
			buildRules = (
			);
			dependencies = (
			);
			name = SwipeView;
			productName = SwipeView;
			productReference = 2D27BB0C1DC0787800FCB6D9 /* SwipeView.app */;
			productType = "com.apple.product-type.application";
		};
		2D27BB1F1DC0787800FCB6D9 /* SwipeViewTests */ = {
			isa = PBXNativeTarget;
			buildConfigurationList = 2D27BB371DC0787800FCB6D9 /* Build configuration list for PBXNativeTarget "SwipeViewTests" */;
			buildPhases = (
				2D27BB1C1DC0787800FCB6D9 /* Sources */,
				2D27BB1D1DC0787800FCB6D9 /* Frameworks */,
				2D27BB1E1DC0787800FCB6D9 /* Resources */,
			);
			buildRules = (
			);
			dependencies = (
				2D27BB221DC0787800FCB6D9 /* PBXTargetDependency */,
			);
			name = SwipeViewTests;
			productName = SwipeViewTests;
			productReference = 2D27BB201DC0787800FCB6D9 /* SwipeViewTests.xctest */;
			productType = "com.apple.product-type.bundle.unit-test";
		};
		2D27BB2A1DC0787800FCB6D9 /* SwipeViewUITests */ = {
			isa = PBXNativeTarget;
			buildConfigurationList = 2D27BB3A1DC0787800FCB6D9 /* Build configuration list for PBXNativeTarget "SwipeViewUITests" */;
			buildPhases = (
				2D27BB271DC0787800FCB6D9 /* Sources */,
				2D27BB281DC0787800FCB6D9 /* Frameworks */,
				2D27BB291DC0787800FCB6D9 /* Resources */,
			);
			buildRules = (
			);
			dependencies = (
				2D27BB2D1DC0787800FCB6D9 /* PBXTargetDependency */,
			);
			name = SwipeViewUITests;
			productName = SwipeViewUITests;
			productReference = 2D27BB2B1DC0787800FCB6D9 /* SwipeViewUITests.xctest */;
			productType = "com.apple.product-type.bundle.ui-testing";
		};
/* End PBXNativeTarget section */

/* Begin PBXProject section */
		2D27BB041DC0787700FCB6D9 /* Project object */ = {
			isa = PBXProject;
			attributes = {
				LastSwiftUpdateCheck = 0800;
				LastUpgradeCheck = 0800;
				ORGANIZATIONNAME = "Sarthak Navjivan";
				TargetAttributes = {
					2D27BB0B1DC0787700FCB6D9 = {
						CreatedOnToolsVersion = 8.0;
						ProvisioningStyle = Automatic;
					};
					2D27BB1F1DC0787800FCB6D9 = {
						CreatedOnToolsVersion = 8.0;
						ProvisioningStyle = Automatic;
						TestTargetID = 2D27BB0B1DC0787700FCB6D9;
					};
					2D27BB2A1DC0787800FCB6D9 = {
						CreatedOnToolsVersion = 8.0;
						ProvisioningStyle = Automatic;
						TestTargetID = 2D27BB0B1DC0787700FCB6D9;
					};
				};
			};
			buildConfigurationList = 2D27BB071DC0787700FCB6D9 /* Build configuration list for PBXProject "SwipeView" */;
			compatibilityVersion = "Xcode 3.2";
			developmentRegion = English;
			hasScannedForEncodings = 0;
			knownRegions = (
				en,
				Base,
			);
			mainGroup = 2D27BB031DC0787700FCB6D9;
			productRefGroup = 2D27BB0D1DC0787800FCB6D9 /* Products */;
			projectDirPath = "";
			projectRoot = "";
			targets = (
				2D27BB0B1DC0787700FCB6D9 /* SwipeView */,
				2D27BB1F1DC0787800FCB6D9 /* SwipeViewTests */,
				2D27BB2A1DC0787800FCB6D9 /* SwipeViewUITests */,
			);
		};
/* End PBXProject section */

/* Begin PBXResourcesBuildPhase section */
		2D27BB0A1DC0787700FCB6D9 /* Resources */ = {
			isa = PBXResourcesBuildPhase;
			buildActionMask = 2147483647;
			files = (
				2D27BB1A1DC0787800FCB6D9 /* LaunchScreen.storyboard in Resources */,
				2D2F42F21DC1C1A500E51C05 /* SwipeViewB.xib in Resources */,
				2D27BB171DC0787800FCB6D9 /* Assets.xcassets in Resources */,
				2D27BB151DC0787800FCB6D9 /* Main.storyboard in Resources */,
				2D2F42EE1DC1B47500E51C05 /* SwipeViewA.xib in Resources */,
				2D2F42F61DC1C1CA00E51C05 /* SwipeViewC.xib in Resources */,
			);
			runOnlyForDeploymentPostprocessing = 0;
		};
		2D27BB1E1DC0787800FCB6D9 /* Resources */ = {
			isa = PBXResourcesBuildPhase;
			buildActionMask = 2147483647;
			files = (
			);
			runOnlyForDeploymentPostprocessing = 0;
		};
		2D27BB291DC0787800FCB6D9 /* Resources */ = {
			isa = PBXResourcesBuildPhase;
			buildActionMask = 2147483647;
			files = (
			);
			runOnlyForDeploymentPostprocessing = 0;
		};
/* End PBXResourcesBuildPhase section */

/* Begin PBXSourcesBuildPhase section */
		2D27BB081DC0787700FCB6D9 /* Sources */ = {
			isa = PBXSourcesBuildPhase;
			buildActionMask = 2147483647;
			files = (
				2D2F42F11DC1C1A500E51C05 /* SwipeViewB.swift in Sources */,
				2D2F42ED1DC1B47500E51C05 /* SwipeViewA.swift in Sources */,
				2D27BB3E1DC078F100FCB6D9 /* SwipeController.swift in Sources */,
				2D27BB101DC0787800FCB6D9 /* AppDelegate.swift in Sources */,
				2D2F42F51DC1C1CA00E51C05 /* SwipeViewC.swift in Sources */,
			);
			runOnlyForDeploymentPostprocessing = 0;
		};
		2D27BB1C1DC0787800FCB6D9 /* Sources */ = {
			isa = PBXSourcesBuildPhase;
			buildActionMask = 2147483647;
			files = (
				2D27BB251DC0787800FCB6D9 /* SwipeViewTests.swift in Sources */,
			);
			runOnlyForDeploymentPostprocessing = 0;
		};
		2D27BB271DC0787800FCB6D9 /* Sources */ = {
			isa = PBXSourcesBuildPhase;
			buildActionMask = 2147483647;
			files = (
				2D27BB301DC0787800FCB6D9 /* SwipeViewUITests.swift in Sources */,
			);
			runOnlyForDeploymentPostprocessing = 0;
		};
/* End PBXSourcesBuildPhase section */

/* Begin PBXTargetDependency section */
		2D27BB221DC0787800FCB6D9 /* PBXTargetDependency */ = {
			isa = PBXTargetDependency;
			target = 2D27BB0B1DC0787700FCB6D9 /* SwipeView */;
			targetProxy = 2D27BB211DC0787800FCB6D9 /* PBXContainerItemProxy */;
		};
		2D27BB2D1DC0787800FCB6D9 /* PBXTargetDependency */ = {
			isa = PBXTargetDependency;
			target = 2D27BB0B1DC0787700FCB6D9 /* SwipeView */;
			targetProxy = 2D27BB2C1DC0787800FCB6D9 /* PBXContainerItemProxy */;
		};
/* End PBXTargetDependency section */

/* Begin PBXVariantGroup section */
		2D27BB131DC0787800FCB6D9 /* Main.storyboard */ = {
			isa = PBXVariantGroup;
			children = (
				2D27BB141DC0787800FCB6D9 /* Base */,
			);
			name = Main.storyboard;
			sourceTree = "<group>";
		};
		2D27BB181DC0787800FCB6D9 /* LaunchScreen.storyboard */ = {
			isa = PBXVariantGroup;
			children = (
				2D27BB191DC0787800FCB6D9 /* Base */,
			);
			name = LaunchScreen.storyboard;
			sourceTree = "<group>";
		};
/* End PBXVariantGroup section */

/* Begin XCBuildConfiguration section */
		2D27BB321DC0787800FCB6D9 /* Debug */ = {
			isa = XCBuildConfiguration;
			buildSettings = {
				ALWAYS_SEARCH_USER_PATHS = NO;
				CLANG_ANALYZER_NONNULL = YES;
				CLANG_CXX_LANGUAGE_STANDARD = "gnu++0x";
				CLANG_CXX_LIBRARY = "libc++";
				CLANG_ENABLE_MODULES = YES;
				CLANG_ENABLE_OBJC_ARC = YES;
				CLANG_WARN_BOOL_CONVERSION = YES;
				CLANG_WARN_CONSTANT_CONVERSION = YES;
				CLANG_WARN_DIRECT_OBJC_ISA_USAGE = YES_ERROR;
				CLANG_WARN_DOCUMENTATION_COMMENTS = YES;
				CLANG_WARN_EMPTY_BODY = YES;
				CLANG_WARN_ENUM_CONVERSION = YES;
				CLANG_WARN_INFINITE_RECURSION = YES;
				CLANG_WARN_INT_CONVERSION = YES;
				CLANG_WARN_OBJC_ROOT_CLASS = YES_ERROR;
				CLANG_WARN_SUSPICIOUS_MOVES = YES;
				CLANG_WARN_UNREACHABLE_CODE = YES;
				CLANG_WARN__DUPLICATE_METHOD_MATCH = YES;
				"CODE_SIGN_IDENTITY[sdk=iphoneos*]" = "iPhone Developer";
				COPY_PHASE_STRIP = NO;
				DEBUG_INFORMATION_FORMAT = dwarf;
				ENABLE_STRICT_OBJC_MSGSEND = YES;
				ENABLE_TESTABILITY = YES;
				GCC_C_LANGUAGE_STANDARD = gnu99;
				GCC_DYNAMIC_NO_PIC = NO;
				GCC_NO_COMMON_BLOCKS = YES;
				GCC_OPTIMIZATION_LEVEL = 0;
				GCC_PREPROCESSOR_DEFINITIONS = (
					"DEBUG=1",
					"$(inherited)",
				);
				GCC_WARN_64_TO_32_BIT_CONVERSION = YES;
				GCC_WARN_ABOUT_RETURN_TYPE = YES_ERROR;
				GCC_WARN_UNDECLARED_SELECTOR = YES;
				GCC_WARN_UNINITIALIZED_AUTOS = YES_AGGRESSIVE;
				GCC_WARN_UNUSED_FUNCTION = YES;
				GCC_WARN_UNUSED_VARIABLE = YES;
				IPHONEOS_DEPLOYMENT_TARGET = 10.0;
				MTL_ENABLE_DEBUG_INFO = YES;
				ONLY_ACTIVE_ARCH = YES;
				SDKROOT = iphoneos;
				SWIFT_ACTIVE_COMPILATION_CONDITIONS = DEBUG;
				SWIFT_OPTIMIZATION_LEVEL = "-Onone";
				TARGETED_DEVICE_FAMILY = "1,2";
			};
			name = Debug;
		};
		2D27BB331DC0787800FCB6D9 /* Release */ = {
			isa = XCBuildConfiguration;
			buildSettings = {
				ALWAYS_SEARCH_USER_PATHS = NO;
				CLANG_ANALYZER_NONNULL = YES;
				CLANG_CXX_LANGUAGE_STANDARD = "gnu++0x";
				CLANG_CXX_LIBRARY = "libc++";
				CLANG_ENABLE_MODULES = YES;
				CLANG_ENABLE_OBJC_ARC = YES;
				CLANG_WARN_BOOL_CONVERSION = YES;
				CLANG_WARN_CONSTANT_CONVERSION = YES;
				CLANG_WARN_DIRECT_OBJC_ISA_USAGE = YES_ERROR;
				CLANG_WARN_DOCUMENTATION_COMMENTS = YES;
				CLANG_WARN_EMPTY_BODY = YES;
				CLANG_WARN_ENUM_CONVERSION = YES;
				CLANG_WARN_INFINITE_RECURSION = YES;
				CLANG_WARN_INT_CONVERSION = YES;
				CLANG_WARN_OBJC_ROOT_CLASS = YES_ERROR;
				CLANG_WARN_SUSPICIOUS_MOVES = YES;
				CLANG_WARN_UNREACHABLE_CODE = YES;
				CLANG_WARN__DUPLICATE_METHOD_MATCH = YES;
				"CODE_SIGN_IDENTITY[sdk=iphoneos*]" = "iPhone Developer";
				COPY_PHASE_STRIP = NO;
				DEBUG_INFORMATION_FORMAT = "dwarf-with-dsym";
				ENABLE_NS_ASSERTIONS = NO;
				ENABLE_STRICT_OBJC_MSGSEND = YES;
				GCC_C_LANGUAGE_STANDARD = gnu99;
				GCC_NO_COMMON_BLOCKS = YES;
				GCC_WARN_64_TO_32_BIT_CONVERSION = YES;
				GCC_WARN_ABOUT_RETURN_TYPE = YES_ERROR;
				GCC_WARN_UNDECLARED_SELECTOR = YES;
				GCC_WARN_UNINITIALIZED_AUTOS = YES_AGGRESSIVE;
				GCC_WARN_UNUSED_FUNCTION = YES;
				GCC_WARN_UNUSED_VARIABLE = YES;
				IPHONEOS_DEPLOYMENT_TARGET = 10.0;
				MTL_ENABLE_DEBUG_INFO = NO;
				SDKROOT = iphoneos;
				SWIFT_OPTIMIZATION_LEVEL = "-Owholemodule";
				TARGETED_DEVICE_FAMILY = "1,2";
				VALIDATE_PRODUCT = YES;
			};
			name = Release;
		};
		2D27BB351DC0787800FCB6D9 /* Debug */ = {
			isa = XCBuildConfiguration;
			buildSettings = {
				ASSETCATALOG_COMPILER_APPICON_NAME = AppIcon;
				INFOPLIST_FILE = SwipeView/Info.plist;
				LD_RUNPATH_SEARCH_PATHS = "$(inherited) @executable_path/Frameworks";
				PRODUCT_BUNDLE_IDENTIFIER = com.sarthaknavjivan.SwipeView;
				PRODUCT_NAME = "$(TARGET_NAME)";
				SWIFT_VERSION = 3.0;
			};
			name = Debug;
		};
		2D27BB361DC0787800FCB6D9 /* Release */ = {
			isa = XCBuildConfiguration;
			buildSettings = {
				ASSETCATALOG_COMPILER_APPICON_NAME = AppIcon;
				INFOPLIST_FILE = SwipeView/Info.plist;
				LD_RUNPATH_SEARCH_PATHS = "$(inherited) @executable_path/Frameworks";
				PRODUCT_BUNDLE_IDENTIFIER = com.sarthaknavjivan.SwipeView;
				PRODUCT_NAME = "$(TARGET_NAME)";
				SWIFT_VERSION = 3.0;
			};
			name = Release;
		};
		2D27BB381DC0787800FCB6D9 /* Debug */ = {
			isa = XCBuildConfiguration;
			buildSettings = {
				ALWAYS_EMBED_SWIFT_STANDARD_LIBRARIES = YES;
				BUNDLE_LOADER = "$(TEST_HOST)";
				INFOPLIST_FILE = SwipeViewTests/Info.plist;
				LD_RUNPATH_SEARCH_PATHS = "$(inherited) @executable_path/Frameworks @loader_path/Frameworks";
				PRODUCT_BUNDLE_IDENTIFIER = com.sarthaknavjivan.SwipeViewTests;
				PRODUCT_NAME = "$(TARGET_NAME)";
				SWIFT_VERSION = 3.0;
				TEST_HOST = "$(BUILT_PRODUCTS_DIR)/SwipeView.app/SwipeView";
			};
			name = Debug;
		};
		2D27BB391DC0787800FCB6D9 /* Release */ = {
			isa = XCBuildConfiguration;
			buildSettings = {
				ALWAYS_EMBED_SWIFT_STANDARD_LIBRARIES = YES;
				BUNDLE_LOADER = "$(TEST_HOST)";
				INFOPLIST_FILE = SwipeViewTests/Info.plist;
				LD_RUNPATH_SEARCH_PATHS = "$(inherited) @executable_path/Frameworks @loader_path/Frameworks";
				PRODUCT_BUNDLE_IDENTIFIER = com.sarthaknavjivan.SwipeViewTests;
				PRODUCT_NAME = "$(TARGET_NAME)";
				SWIFT_VERSION = 3.0;
				TEST_HOST = "$(BUILT_PRODUCTS_DIR)/SwipeView.app/SwipeView";
			};
			name = Release;
		};
		2D27BB3B1DC0787800FCB6D9 /* Debug */ = {
			isa = XCBuildConfiguration;
			buildSettings = {
				ALWAYS_EMBED_SWIFT_STANDARD_LIBRARIES = YES;
				INFOPLIST_FILE = SwipeViewUITests/Info.plist;
				LD_RUNPATH_SEARCH_PATHS = "$(inherited) @executable_path/Frameworks @loader_path/Frameworks";
				PRODUCT_BUNDLE_IDENTIFIER = com.sarthaknavjivan.SwipeViewUITests;
				PRODUCT_NAME = "$(TARGET_NAME)";
				SWIFT_VERSION = 3.0;
				TEST_TARGET_NAME = SwipeView;
			};
			name = Debug;
		};
		2D27BB3C1DC0787800FCB6D9 /* Release */ = {
			isa = XCBuildConfiguration;
			buildSettings = {
				ALWAYS_EMBED_SWIFT_STANDARD_LIBRARIES = YES;
				INFOPLIST_FILE = SwipeViewUITests/Info.plist;
				LD_RUNPATH_SEARCH_PATHS = "$(inherited) @executable_path/Frameworks @loader_path/Frameworks";
				PRODUCT_BUNDLE_IDENTIFIER = com.sarthaknavjivan.SwipeViewUITests;
				PRODUCT_NAME = "$(TARGET_NAME)";
				SWIFT_VERSION = 3.0;
				TEST_TARGET_NAME = SwipeView;
			};
			name = Release;
		};
/* End XCBuildConfiguration section */

/* Begin XCConfigurationList section */
		2D27BB071DC0787700FCB6D9 /* Build configuration list for PBXProject "SwipeView" */ = {
			isa = XCConfigurationList;
			buildConfigurations = (
				2D27BB321DC0787800FCB6D9 /* Debug */,
				2D27BB331DC0787800FCB6D9 /* Release */,
			);
			defaultConfigurationIsVisible = 0;
			defaultConfigurationName = Release;
		};
		2D27BB341DC0787800FCB6D9 /* Build configuration list for PBXNativeTarget "SwipeView" */ = {
			isa = XCConfigurationList;
			buildConfigurations = (
				2D27BB351DC0787800FCB6D9 /* Debug */,
				2D27BB361DC0787800FCB6D9 /* Release */,
			);
			defaultConfigurationIsVisible = 0;
			defaultConfigurationName = Release;
		};
		2D27BB371DC0787800FCB6D9 /* Build configuration list for PBXNativeTarget "SwipeViewTests" */ = {
			isa = XCConfigurationList;
			buildConfigurations = (
				2D27BB381DC0787800FCB6D9 /* Debug */,
				2D27BB391DC0787800FCB6D9 /* Release */,
			);
			defaultConfigurationIsVisible = 0;
			defaultConfigurationName = Release;
		};
		2D27BB3A1DC0787800FCB6D9 /* Build configuration list for PBXNativeTarget "SwipeViewUITests" */ = {
			isa = XCConfigurationList;
			buildConfigurations = (
				2D27BB3B1DC0787800FCB6D9 /* Debug */,
				2D27BB3C1DC0787800FCB6D9 /* Release */,
			);
			defaultConfigurationIsVisible = 0;
			defaultConfigurationName = Release;
		};
/* End XCConfigurationList section */
	};
	rootObject = 2D27BB041DC0787700FCB6D9 /* Project object */;
}
